
Microsoft Visual Studio Solution File, Format Version 12.00
# Visual Studio Version 17
VisualStudioVersion = 17.14.36616.10 d17.14
MinimumVisualStudioVersion = 10.0.40219.1
Project("{FAE04EC0-301F-11D3-BF4B-00C04F79EFBC}") = "praktik4.4_Raya_X PPLG 1", "praktik4.4_Raya_X PPLG 1.csproj", "{F4923277-2EBD-4F80-A871-CB885A589032}"
EndProject
Global
	GlobalSection(SolutionConfigurationPlatforms) = preSolution
		Debug|Any CPU = Debug|Any CPU
		Release|Any CPU = Release|Any CPU
	EndGlobalSection
	GlobalSection(ProjectConfigurationPlatforms) = postSolution
		{F4923277-2EBD-4F80-A871-CB885A589032}.Debug|Any CPU.ActiveCfg = Debug|Any CPU
		{F4923277-2EBD-4F80-A871-CB885A589032}.Debug|Any CPU.Build.0 = Debug|Any CPU
		{F4923277-2EBD-4F80-A871-CB885A589032}.Release|Any CPU.ActiveCfg = Release|Any CPU
		{F4923277-2EBD-4F80-A871-CB885A589032}.Release|Any CPU.Build.0 = Release|Any CPU
	EndGlobalSection
	GlobalSection(SolutionProperties) = preSolution
		HideSolutionNode = FALSE
	EndGlobalSection
	GlobalSection(ExtensibilityGlobals) = postSolution
		SolutionGuid = {042A9464-799D-4185-A93E-07C270F0F731}
	EndGlobalSection
EndGlobal
